
Microsoft Visual Studio Solution File, Format Version 12.00
# Visual Studio 15
VisualStudioVersion = 15.0.28307.852
MinimumVisualStudioVersion = 10.0.40219.1
Project("{FAE04EC0-301F-11D3-BF4B-00C04F79EFBC}") = "EMS201724112143", "EMS201724112143\EMS201724112143.csproj", "{F59FC0AA-702D-4AA3-8AD0-29E7992EFC42}"
EndProject
Global
	GlobalSection(SolutionConfigurationPlatforms) = preSolution
		Debug|Any CPU = Debug|Any CPU
		Release|Any CPU = Release|Any CPU
	EndGlobalSection
	GlobalSection(ProjectConfigurationPlatforms) = postSolution
		{F59FC0AA-702D-4AA3-8AD0-29E7992EFC42}.Debug|Any CPU.ActiveCfg = Debug|Any CPU
		{F59FC0AA-702D-4AA3-8AD0-29E7992EFC42}.Debug|Any CPU.Build.0 = Debug|Any CPU
		{F59FC0AA-702D-4AA3-8AD0-29E7992EFC42}.Release|Any CPU.ActiveCfg = Release|Any CPU
		{F59FC0AA-702D-4AA3-8AD0-29E7992EFC42}.Release|Any CPU.Build.0 = Release|Any CPU
	EndGlobalSection
	GlobalSection(SolutionProperties) = preSolution
		HideSolutionNode = FALSE
	EndGlobalSection
	GlobalSection(ExtensibilityGlobals) = postSolution
		SolutionGuid = {D91B65AF-B8B8-46A8-B44D-FEEC34EE8441}
	EndGlobalSection
EndGlobal
